
Microsoft Visual Studio Solution File, Format Version 12.00
# Visual Studio Version 17
VisualStudioVersion = 17.5.33502.453
MinimumVisualStudioVersion = 10.0.40219.1
Project("{FAE04EC0-301F-11D3-BF4B-00C04F79EFBC}") = "LostUpdateTestHazelcast", "LostUpdateTestHazelcast.csproj", "{95DA087F-1D3D-4E2E-8BDD-3BA2203B5B61}"
EndProject
Project("{E53339B2-1760-4266-BCC7-CA923CBCF16C}") = "docker-compose", "docker-compose.dcproj", "{CBADC265-3E84-4D3B-A336-7AAE2FAC39ED}"
EndProject
Global
	GlobalSection(SolutionConfigurationPlatforms) = preSolution
		Debug|Any CPU = Debug|Any CPU
		Release|Any CPU = Release|Any CPU
	EndGlobalSection
	GlobalSection(ProjectConfigurationPlatforms) = postSolution
		{95DA087F-1D3D-4E2E-8BDD-3BA2203B5B61}.Debug|Any CPU.ActiveCfg = Debug|Any CPU
		{95DA087F-1D3D-4E2E-8BDD-3BA2203B5B61}.Debug|Any CPU.Build.0 = Debug|Any CPU
		{95DA087F-1D3D-4E2E-8BDD-3BA2203B5B61}.Release|Any CPU.ActiveCfg = Release|Any CPU
		{95DA087F-1D3D-4E2E-8BDD-3BA2203B5B61}.Release|Any CPU.Build.0 = Release|Any CPU
		{CBADC265-3E84-4D3B-A336-7AAE2FAC39ED}.Debug|Any CPU.ActiveCfg = Debug|Any CPU
		{CBADC265-3E84-4D3B-A336-7AAE2FAC39ED}.Debug|Any CPU.Build.0 = Debug|Any CPU
		{CBADC265-3E84-4D3B-A336-7AAE2FAC39ED}.Release|Any CPU.ActiveCfg = Release|Any CPU
		{CBADC265-3E84-4D3B-A336-7AAE2FAC39ED}.Release|Any CPU.Build.0 = Release|Any CPU
	EndGlobalSection
	GlobalSection(SolutionProperties) = preSolution
		HideSolutionNode = FALSE
	EndGlobalSection
	GlobalSection(ExtensibilityGlobals) = postSolution
		SolutionGuid = {D8EBFB85-E833-42F2-857D-D723497022C6}
	EndGlobalSection
EndGlobal
